
Microsoft Visual Studio Solution File, Format Version 12.00
# Visual Studio Version 17
VisualStudioVersion = 17.6.33829.357
MinimumVisualStudioVersion = 10.0.40219.1
Project("{FAE04EC0-301F-11D3-BF4B-00C04F79EFBC}") = "SecureApp", "SecureApp.csproj", "{AC1C8FE8-C113-451F-B357-C161A1C77AF3}"
EndProject
Global
	GlobalSection(SolutionConfigurationPlatforms) = preSolution
		Debug|Any CPU = Debug|Any CPU
		Release|Any CPU = Release|Any CPU
	EndGlobalSection
	GlobalSection(ProjectConfigurationPlatforms) = postSolution
		{AC1C8FE8-C113-451F-B357-C161A1C77AF3}.Debug|Any CPU.ActiveCfg = Debug|Any CPU
		{AC1C8FE8-C113-451F-B357-C161A1C77AF3}.Debug|Any CPU.Build.0 = Debug|Any CPU
		{AC1C8FE8-C113-451F-B357-C161A1C77AF3}.Release|Any CPU.ActiveCfg = Release|Any CPU
		{AC1C8FE8-C113-451F-B357-C161A1C77AF3}.Release|Any CPU.Build.0 = Release|Any CPU
	EndGlobalSection
	GlobalSection(SolutionProperties) = preSolution
		HideSolutionNode = FALSE
	EndGlobalSection
	GlobalSection(ExtensibilityGlobals) = postSolution
		SolutionGuid = {DCFC9C34-0137-456B-BF5F-81E559C54086}
	EndGlobalSection
EndGlobal
